
Microsoft Visual Studio Solution File, Format Version 12.00
# Visual Studio Version 16
VisualStudioVersion = 16.0.29403.142
MinimumVisualStudioVersion = 10.0.40219.1
Project("{2150E333-8FDC-42A3-9474-1A3956D46DE8}") = "Solution Items", "Solution Items", "{65E984B8-653C-4BCD-AE37-4E21497B5B87}"
	ProjectSection(SolutionItems) = preProject
		.gitattributes = .gitattributes
		.gitignore = .gitignore
		build.cake = build.cake
		build.ps1 = build.ps1
		CHANGELOG.md = CHANGELOG.md
		GitVersion.yml = GitVersion.yml
		LICENSE.md = LICENSE.md
		README.md = README.md
	EndProjectSection
EndProject
Project("{9A19103F-16F7-4668-BE54-9A1E7A4F7556}") = "BencodeNET", "BencodeNET\BencodeNET.csproj", "{EA5E8A32-8EC7-4618-95BC-EAF95F1C2E52}"
EndProject
Project("{9A19103F-16F7-4668-BE54-9A1E7A4F7556}") = "BencodeNET.Tests", "BencodeNET.Tests\BencodeNET.Tests.csproj", "{5992CAC5-C0D3-4255-BFD7-C11C07969900}"
EndProject
Project("{9A19103F-16F7-4668-BE54-9A1E7A4F7556}") = "BencodeNET.Torrents", "BencodeNET.Torrents\BencodeNET.Torrents.csproj", "{7334E3CD-AF7F-495F-9E23-5EEC662C6962}"
EndProject
Project("{9A19103F-16F7-4668-BE54-9A1E7A4F7556}") = "BencodeNET.Torrents.Tests", "BencodeNET.Torrents.Tests\BencodeNET.Torrents.Tests.csproj", "{3052ABD9-490A-4F24-BC2D-4291364DF3B9}"
EndProject
Global
	GlobalSection(SolutionConfigurationPlatforms) = preSolution
		Debug|Any CPU = Debug|Any CPU
		Release|Any CPU = Release|Any CPU
	EndGlobalSection
	GlobalSection(ProjectConfigurationPlatforms) = postSolution
		{EA5E8A32-8EC7-4618-95BC-EAF95F1C2E52}.Debug|Any CPU.ActiveCfg = Debug|Any CPU
		{EA5E8A32-8EC7-4618-95BC-EAF95F1C2E52}.Debug|Any CPU.Build.0 = Debug|Any CPU
		{EA5E8A32-8EC7-4618-95BC-EAF95F1C2E52}.Release|Any CPU.ActiveCfg = Release|Any CPU
		{EA5E8A32-8EC7-4618-95BC-EAF95F1C2E52}.Release|Any CPU.Build.0 = Release|Any CPU
		{5992CAC5-C0D3-4255-BFD7-C11C07969900}.Debug|Any CPU.ActiveCfg = Debug|Any CPU
		{5992CAC5-C0D3-4255-BFD7-C11C07969900}.Debug|Any CPU.Build.0 = Debug|Any CPU
		{5992CAC5-C0D3-4255-BFD7-C11C07969900}.Release|Any CPU.ActiveCfg = Release|Any CPU
		{5992CAC5-C0D3-4255-BFD7-C11C07969900}.Release|Any CPU.Build.0 = Release|Any CPU
		{7334E3CD-AF7F-495F-9E23-5EEC662C6962}.Debug|Any CPU.ActiveCfg = Debug|Any CPU
		{7334E3CD-AF7F-495F-9E23-5EEC662C6962}.Debug|Any CPU.Build.0 = Debug|Any CPU
		{7334E3CD-AF7F-495F-9E23-5EEC662C6962}.Release|Any CPU.ActiveCfg = Release|Any CPU
		{7334E3CD-AF7F-495F-9E23-5EEC662C6962}.Release|Any CPU.Build.0 = Release|Any CPU
		{3052ABD9-490A-4F24-BC2D-4291364DF3B9}.Debug|Any CPU.ActiveCfg = Debug|Any CPU
		{3052ABD9-490A-4F24-BC2D-4291364DF3B9}.Debug|Any CPU.Build.0 = Debug|Any CPU
		{3052ABD9-490A-4F24-BC2D-4291364DF3B9}.Release|Any CPU.ActiveCfg = Release|Any CPU
		{3052ABD9-490A-4F24-BC2D-4291364DF3B9}.Release|Any CPU.Build.0 = Release|Any CPU
	EndGlobalSection
	GlobalSection(SolutionProperties) = preSolution
		HideSolutionNode = FALSE
	EndGlobalSection
	GlobalSection(ExtensibilityGlobals) = postSolution
		SolutionGuid = {13FC1678-85AE-420D-A765-ED5FACE777A5}
	EndGlobalSection
EndGlobal
