
Microsoft Visual Studio Solution File, Format Version 12.00
# Visual Studio 14
VisualStudioVersion = 14.0.25420.1
MinimumVisualStudioVersion = 10.0.40219.1
Project("{2150E333-8FDC-42A3-9474-1A3956D46DE8}") = "Solution Items", "Solution Items", "{65E984B8-653C-4BCD-AE37-4E21497B5B87}"
	ProjectSection(SolutionItems) = preProject
		.gitattributes = .gitattributes
		.gitignore = .gitignore
		LICENSE.md = LICENSE.md
		README.md = README.md
	EndProjectSection
EndProject
Project("{2150E333-8FDC-42A3-9474-1A3956D46DE8}") = "NuGet", "NuGet", "{4EA69A14-7296-4812-9E80-B20E0C9747A2}"
	ProjectSection(SolutionItems) = preProject
		Package\BencodeNET.nuspec = Package\BencodeNET.nuspec
	EndProjectSection
EndProject
Project("{8BB2217D-0F2D-49D1-97BC-3654ED321F3B}") = "BencodeNET", "BencodeNET\BencodeNET.xproj", "{F36BB49E-1B21-418B-A4A1-C05430A8F5BA}"
EndProject
Project("{8BB2217D-0F2D-49D1-97BC-3654ED321F3B}") = "BencodeNET.Tests", "BencodeNET.Tests\BencodeNET.Tests.xproj", "{2CD467B2-EFD7-4000-90AA-A252FD729AB7}"
EndProject
Global
	GlobalSection(SolutionConfigurationPlatforms) = preSolution
		Debug|Any CPU = Debug|Any CPU
		Release|Any CPU = Release|Any CPU
	EndGlobalSection
	GlobalSection(ProjectConfigurationPlatforms) = postSolution
		{F36BB49E-1B21-418B-A4A1-C05430A8F5BA}.Debug|Any CPU.ActiveCfg = Debug|Any CPU
		{F36BB49E-1B21-418B-A4A1-C05430A8F5BA}.Debug|Any CPU.Build.0 = Debug|Any CPU
		{F36BB49E-1B21-418B-A4A1-C05430A8F5BA}.Release|Any CPU.ActiveCfg = Release|Any CPU
		{F36BB49E-1B21-418B-A4A1-C05430A8F5BA}.Release|Any CPU.Build.0 = Release|Any CPU
		{2CD467B2-EFD7-4000-90AA-A252FD729AB7}.Debug|Any CPU.ActiveCfg = Debug|Any CPU
		{2CD467B2-EFD7-4000-90AA-A252FD729AB7}.Debug|Any CPU.Build.0 = Debug|Any CPU
		{2CD467B2-EFD7-4000-90AA-A252FD729AB7}.Release|Any CPU.ActiveCfg = Release|Any CPU
		{2CD467B2-EFD7-4000-90AA-A252FD729AB7}.Release|Any CPU.Build.0 = Release|Any CPU
	EndGlobalSection
	GlobalSection(SolutionProperties) = preSolution
		HideSolutionNode = FALSE
	EndGlobalSection
EndGlobal
