
Microsoft Visual Studio Solution File, Format Version 12.00
# Visual Studio 2013
VisualStudioVersion = 12.0.40629.0
MinimumVisualStudioVersion = 10.0.40219.1
Project("{FAE04EC0-301F-11D3-BF4B-00C04F79EFBC}") = "BencodeNET.Net45", "BencodeNET.Net45\BencodeNET.Net45.csproj", "{A267EADE-6093-41DF-AB20-53CB9661B47B}"
EndProject
Project("{FAE04EC0-301F-11D3-BF4B-00C04F79EFBC}") = "BencodeNET.Console", "BencodeNET.Console\BencodeNET.Console.csproj", "{5B637B4C-2C4A-4F8A-AB18-329E40704B41}"
EndProject
Project("{FAE04EC0-301F-11D3-BF4B-00C04F79EFBC}") = "BencodeNET.Tests", "BencodeNET.Tests\BencodeNET.Tests.csproj", "{EEEE6947-258B-4E6E-AE99-F72B7A29D96F}"
EndProject
Project("{2150E333-8FDC-42A3-9474-1A3956D46DE8}") = "Solution Items", "Solution Items", "{65E984B8-653C-4BCD-AE37-4E21497B5B87}"
	ProjectSection(SolutionItems) = preProject
		.gitattributes = .gitattributes
		.gitignore = .gitignore
		LICENSE.md = LICENSE.md
		README.md = README.md
	EndProjectSection
EndProject
Project("{FAE04EC0-301F-11D3-BF4B-00C04F79EFBC}") = "BencodeNET.Net40", "BencodeNET.Net40\BencodeNET.Net40.csproj", "{B72053C7-01F2-47EC-AAF3-8A4FC078AF1D}"
EndProject
Project("{FAE04EC0-301F-11D3-BF4B-00C04F79EFBC}") = "BencodeNET.Net35", "BencodeNET.Net35\BencodeNET.Net35.csproj", "{7BAC8D29-CAED-4940-BC0B-3E4F8EDB74F1}"
EndProject
Global
	GlobalSection(SolutionConfigurationPlatforms) = preSolution
		Debug|Any CPU = Debug|Any CPU
		Release|Any CPU = Release|Any CPU
	EndGlobalSection
	GlobalSection(ProjectConfigurationPlatforms) = postSolution
		{A267EADE-6093-41DF-AB20-53CB9661B47B}.Debug|Any CPU.ActiveCfg = Debug|Any CPU
		{A267EADE-6093-41DF-AB20-53CB9661B47B}.Debug|Any CPU.Build.0 = Debug|Any CPU
		{A267EADE-6093-41DF-AB20-53CB9661B47B}.Release|Any CPU.ActiveCfg = Release|Any CPU
		{A267EADE-6093-41DF-AB20-53CB9661B47B}.Release|Any CPU.Build.0 = Release|Any CPU
		{5B637B4C-2C4A-4F8A-AB18-329E40704B41}.Debug|Any CPU.ActiveCfg = Debug|Any CPU
		{5B637B4C-2C4A-4F8A-AB18-329E40704B41}.Debug|Any CPU.Build.0 = Debug|Any CPU
		{5B637B4C-2C4A-4F8A-AB18-329E40704B41}.Release|Any CPU.ActiveCfg = Release|Any CPU
		{5B637B4C-2C4A-4F8A-AB18-329E40704B41}.Release|Any CPU.Build.0 = Release|Any CPU
		{EEEE6947-258B-4E6E-AE99-F72B7A29D96F}.Debug|Any CPU.ActiveCfg = Debug|Any CPU
		{EEEE6947-258B-4E6E-AE99-F72B7A29D96F}.Debug|Any CPU.Build.0 = Debug|Any CPU
		{EEEE6947-258B-4E6E-AE99-F72B7A29D96F}.Release|Any CPU.ActiveCfg = Release|Any CPU
		{EEEE6947-258B-4E6E-AE99-F72B7A29D96F}.Release|Any CPU.Build.0 = Release|Any CPU
		{B72053C7-01F2-47EC-AAF3-8A4FC078AF1D}.Debug|Any CPU.ActiveCfg = Debug|Any CPU
		{B72053C7-01F2-47EC-AAF3-8A4FC078AF1D}.Debug|Any CPU.Build.0 = Debug|Any CPU
		{B72053C7-01F2-47EC-AAF3-8A4FC078AF1D}.Release|Any CPU.ActiveCfg = Release|Any CPU
		{B72053C7-01F2-47EC-AAF3-8A4FC078AF1D}.Release|Any CPU.Build.0 = Release|Any CPU
		{7BAC8D29-CAED-4940-BC0B-3E4F8EDB74F1}.Debug|Any CPU.ActiveCfg = Debug|Any CPU
		{7BAC8D29-CAED-4940-BC0B-3E4F8EDB74F1}.Debug|Any CPU.Build.0 = Debug|Any CPU
		{7BAC8D29-CAED-4940-BC0B-3E4F8EDB74F1}.Release|Any CPU.ActiveCfg = Release|Any CPU
		{7BAC8D29-CAED-4940-BC0B-3E4F8EDB74F1}.Release|Any CPU.Build.0 = Release|Any CPU
	EndGlobalSection
	GlobalSection(SolutionProperties) = preSolution
		HideSolutionNode = FALSE
	EndGlobalSection
EndGlobal
